// !$*UTF8*$!
{
	archiveVersion = 1;
	classes = {
	};
	objectVersion = 50;
	objects = {

/* Begin PBXBuildFile section */
		EE2E24452790A03500A72222 /* AppDelegate.swift in Sources */ = {isa = PBXBuildFile; fileRef = EE2E24442790A03500A72222 /* AppDelegate.swift */; };
		EE2E24472790A03500A72222 /* SceneDelegate.swift in Sources */ = {isa = PBXBuildFile; fileRef = EE2E24462790A03500A72222 /* SceneDelegate.swift */; };
		EE2E24492790A03500A72222 /* ViewController.swift in Sources */ = {isa = PBXBuildFile; fileRef = EE2E24482790A03500A72222 /* ViewController.swift */; };
		EE2E244C2790A03500A72222 /* Main.storyboard in Resources */ = {isa = PBXBuildFile; fileRef = EE2E244A2790A03500A72222 /* Main.storyboard */; };
		EE2E244F2790A03500A72222 /* BaseProject.xcdatamodeld in Sources */ = {isa = PBXBuildFile; fileRef = EE2E244D2790A03500A72222 /* BaseProject.xcdatamodeld */; };
		EE2E24512790A03600A72222 /* Assets.xcassets in Resources */ = {isa = PBXBuildFile; fileRef = EE2E24502790A03600A72222 /* Assets.xcassets */; };
		EE2E24542790A03600A72222 /* LaunchScreen.storyboard in Resources */ = {isa = PBXBuildFile; fileRef = EE2E24522790A03600A72222 /* LaunchScreen.storyboard */; };
		EE2E245F2790A03600A72222 /* BaseProjectTests.swift in Sources */ = {isa = PBXBuildFile; fileRef = EE2E245E2790A03600A72222 /* BaseProjectTests.swift */; };
		EE2E246A2790A03600A72222 /* BaseProjectUITests.swift in Sources */ = {isa = PBXBuildFile; fileRef = EE2E24692790A03600A72222 /* BaseProjectUITests.swift */; };
/* End PBXBuildFile section */

/* Begin PBXContainerItemProxy section */
		EE2E245B2790A03600A72222 /* PBXContainerItemProxy */ = {
			isa = PBXContainerItemProxy;
			containerPortal = EE2E24392790A03500A72222 /* Project object */;
			proxyType = 1;
			remoteGlobalIDString = EE2E24402790A03500A72222;
			remoteInfo = BaseProject;
		};
		EE2E24662790A03600A72222 /* PBXContainerItemProxy */ = {
			isa = PBXContainerItemProxy;
			containerPortal = EE2E24392790A03500A72222 /* Project object */;
			proxyType = 1;
			remoteGlobalIDString = EE2E24402790A03500A72222;
			remoteInfo = BaseProject;
		};
/* End PBXContainerItemProxy section */

/* Begin PBXFileReference section */
		EE2E24412790A03500A72222 /* BaseProject.app */ = {isa = PBXFileReference; explicitFileType = wrapper.application; includeInIndex = 0; path = BaseProject.app; sourceTree = BUILT_PRODUCTS_DIR; };
		EE2E24442790A03500A72222 /* AppDelegate.swift */ = {isa = PBXFileReference; lastKnownFileType = sourcecode.swift; path = AppDelegate.swift; sourceTree = "<group>"; };
		EE2E24462790A03500A72222 /* SceneDelegate.swift */ = {isa = PBXFileReference; lastKnownFileType = sourcecode.swift; path = SceneDelegate.swift; sourceTree = "<group>"; };
		EE2E24482790A03500A72222 /* ViewController.swift */ = {isa = PBXFileReference; lastKnownFileType = sourcecode.swift; path = ViewController.swift; sourceTree = "<group>"; };
		EE2E244B2790A03500A72222 /* Base */ = {isa = PBXFileReference; lastKnownFileType = file.storyboard; name = Base; path = Base.lproj/Main.storyboard; sourceTree = "<group>"; };
		EE2E244E2790A03500A72222 /* BaseProject.xcdatamodel */ = {isa = PBXFileReference; lastKnownFileType = wrapper.xcdatamodel; path = BaseProject.xcdatamodel; sourceTree = "<group>"; };
		EE2E24502790A03600A72222 /* Assets.xcassets */ = {isa = PBXFileReference; lastKnownFileType = folder.assetcatalog; path = Assets.xcassets; sourceTree = "<group>"; };
		EE2E24532790A03600A72222 /* Base */ = {isa = PBXFileReference; lastKnownFileType = file.storyboard; name = Base; path = Base.lproj/LaunchScreen.storyboard; sourceTree = "<group>"; };
		EE2E24552790A03600A72222 /* Info.plist */ = {isa = PBXFileReference; lastKnownFileType = text.plist.xml; path = Info.plist; sourceTree = "<group>"; };
		EE2E245A2790A03600A72222 /* BaseProjectTests.xctest */ = {isa = PBXFileReference; explicitFileType = wrapper.cfbundle; includeInIndex = 0; path = BaseProjectTests.xctest; sourceTree = BUILT_PRODUCTS_DIR; };
		EE2E245E2790A03600A72222 /* BaseProjectTests.swift */ = {isa = PBXFileReference; lastKnownFileType = sourcecode.swift; path = BaseProjectTests.swift; sourceTree = "<group>"; };
		EE2E24602790A03600A72222 /* Info.plist */ = {isa = PBXFileReference; lastKnownFileType = text.plist.xml; path = Info.plist; sourceTree = "<group>"; };
		EE2E24652790A03600A72222 /* BaseProjectUITests.xctest */ = {isa = PBXFileReference; explicitFileType = wrapper.cfbundle; includeInIndex = 0; path = BaseProjectUITests.xctest; sourceTree = BUILT_PRODUCTS_DIR; };
		EE2E24692790A03600A72222 /* BaseProjectUITests.swift */ = {isa = PBXFileReference; lastKnownFileType = sourcecode.swift; path = BaseProjectUITests.swift; sourceTree = "<group>"; };
		EE2E246B2790A03600A72222 /* Info.plist */ = {isa = PBXFileReference; lastKnownFileType = text.plist.xml; path = Info.plist; sourceTree = "<group>"; };
/* End PBXFileReference section */

/* Begin PBXFrameworksBuildPhase section */
		EE2E243E2790A03500A72222 /* Frameworks */ = {
			isa = PBXFrameworksBuildPhase;
			buildActionMask = 2147483647;
			files = (
			);
			runOnlyForDeploymentPostprocessing = 0;
		};
		EE2E24572790A03600A72222 /* Frameworks */ = {
			isa = PBXFrameworksBuildPhase;
			buildActionMask = 2147483647;
			files = (
			);
			runOnlyForDeploymentPostprocessing = 0;
		};
		EE2E24622790A03600A72222 /* Frameworks */ = {
			isa = PBXFrameworksBuildPhase;
			buildActionMask = 2147483647;
			files = (
			);
			runOnlyForDeploymentPostprocessing = 0;
		};
/* End PBXFrameworksBuildPhase section */

/* Begin PBXGroup section */
		EE2E24382790A03500A72222 = {
			isa = PBXGroup;
			children = (
				EE2E24432790A03500A72222 /* BaseProject */,
				EE2E245D2790A03600A72222 /* BaseProjectTests */,
				EE2E24682790A03600A72222 /* BaseProjectUITests */,
				EE2E24422790A03500A72222 /* Products */,
			);
			sourceTree = "<group>";
		};
		EE2E24422790A03500A72222 /* Products */ = {
			isa = PBXGroup;
			children = (
				EE2E24412790A03500A72222 /* BaseProject.app */,
				EE2E245A2790A03600A72222 /* BaseProjectTests.xctest */,
				EE2E24652790A03600A72222 /* BaseProjectUITests.xctest */,
			);
			name = Products;
			sourceTree = "<group>";
		};
		EE2E24432790A03500A72222 /* BaseProject */ = {
			isa = PBXGroup;
			children = (
				EE2E24442790A03500A72222 /* AppDelegate.swift */,
				EE2E24462790A03500A72222 /* SceneDelegate.swift */,
				EE2E24482790A03500A72222 /* ViewController.swift */,
				EE2E244A2790A03500A72222 /* Main.storyboard */,
				EE2E24502790A03600A72222 /* Assets.xcassets */,
				EE2E24522790A03600A72222 /* LaunchScreen.storyboard */,
				EE2E24552790A03600A72222 /* Info.plist */,
				EE2E244D2790A03500A72222 /* BaseProject.xcdatamodeld */,
			);
			path = BaseProject;
			sourceTree = "<group>";
		};
		EE2E245D2790A03600A72222 /* BaseProjectTests */ = {
			isa = PBXGroup;
			children = (
				EE2E245E2790A03600A72222 /* BaseProjectTests.swift */,
				EE2E24602790A03600A72222 /* Info.plist */,
			);
			path = BaseProjectTests;
			sourceTree = "<group>";
		};
		EE2E24682790A03600A72222 /* BaseProjectUITests */ = {
			isa = PBXGroup;
			children = (
				EE2E24692790A03600A72222 /* BaseProjectUITests.swift */,
				EE2E246B2790A03600A72222 /* Info.plist */,
			);
			path = BaseProjectUITests;
			sourceTree = "<group>";
		};
/* End PBXGroup section */

/* Begin PBXNativeTarget section */
		EE2E24402790A03500A72222 /* BaseProject */ = {
			isa = PBXNativeTarget;
			buildConfigurationList = EE2E246E2790A03600A72222 /* Build configuration list for PBXNativeTarget "BaseProject" */;
			buildPhases = (
				EE2E243D2790A03500A72222 /* Sources */,
				EE2E243E2790A03500A72222 /* Frameworks */,
				EE2E243F2790A03500A72222 /* Resources */,
			);
			buildRules = (
			);
			dependencies = (
			);
			name = BaseProject;
			productName = BaseProject;
			productReference = EE2E24412790A03500A72222 /* BaseProject.app */;
			productType = "com.apple.product-type.application";
		};
		EE2E24592790A03600A72222 /* BaseProjectTests */ = {
			isa = PBXNativeTarget;
			buildConfigurationList = EE2E24712790A03600A72222 /* Build configuration list for PBXNativeTarget "BaseProjectTests" */;
			buildPhases = (
				EE2E24562790A03600A72222 /* Sources */,
				EE2E24572790A03600A72222 /* Frameworks */,
				EE2E24582790A03600A72222 /* Resources */,
			);
			buildRules = (
			);
			dependencies = (
				EE2E245C2790A03600A72222 /* PBXTargetDependency */,
			);
			name = BaseProjectTests;
			productName = BaseProjectTests;
			productReference = EE2E245A2790A03600A72222 /* BaseProjectTests.xctest */;
			productType = "com.apple.product-type.bundle.unit-test";
		};
		EE2E24642790A03600A72222 /* BaseProjectUITests */ = {
			isa = PBXNativeTarget;
			buildConfigurationList = EE2E24742790A03600A72222 /* Build configuration list for PBXNativeTarget "BaseProjectUITests" */;
			buildPhases = (
				EE2E24612790A03600A72222 /* Sources */,
				EE2E24622790A03600A72222 /* Frameworks */,
				EE2E24632790A03600A72222 /* Resources */,
			);
			buildRules = (
			);
			dependencies = (
				EE2E24672790A03600A72222 /* PBXTargetDependency */,
			);
			name = BaseProjectUITests;
			productName = BaseProjectUITests;
			productReference = EE2E24652790A03600A72222 /* BaseProjectUITests.xctest */;
			productType = "com.apple.product-type.bundle.ui-testing";
		};
/* End PBXNativeTarget section */

/* Begin PBXProject section */
		EE2E24392790A03500A72222 /* Project object */ = {
			isa = PBXProject;
			attributes = {
				LastSwiftUpdateCheck = 1250;
				LastUpgradeCheck = 1250;
				TargetAttributes = {
					EE2E24402790A03500A72222 = {
						CreatedOnToolsVersion = 12.5;
					};
					EE2E24592790A03600A72222 = {
						CreatedOnToolsVersion = 12.5;
						TestTargetID = EE2E24402790A03500A72222;
					};
					EE2E24642790A03600A72222 = {
						CreatedOnToolsVersion = 12.5;
						TestTargetID = EE2E24402790A03500A72222;
					};
				};
			};
			buildConfigurationList = EE2E243C2790A03500A72222 /* Build configuration list for PBXProject "BaseProject" */;
			compatibilityVersion = "Xcode 9.3";
			developmentRegion = en;
			hasScannedForEncodings = 0;
			knownRegions = (
				en,
				Base,
			);
			mainGroup = EE2E24382790A03500A72222;
			productRefGroup = EE2E24422790A03500A72222 /* Products */;
			projectDirPath = "";
			projectRoot = "";
			targets = (
				EE2E24402790A03500A72222 /* BaseProject */,
				EE2E24592790A03600A72222 /* BaseProjectTests */,
				EE2E24642790A03600A72222 /* BaseProjectUITests */,
			);
		};
/* End PBXProject section */

/* Begin PBXResourcesBuildPhase section */
		EE2E243F2790A03500A72222 /* Resources */ = {
			isa = PBXResourcesBuildPhase;
			buildActionMask = 2147483647;
			files = (
				EE2E24542790A03600A72222 /* LaunchScreen.storyboard in Resources */,
				EE2E24512790A03600A72222 /* Assets.xcassets in Resources */,
				EE2E244C2790A03500A72222 /* Main.storyboard in Resources */,
			);
			runOnlyForDeploymentPostprocessing = 0;
		};
		EE2E24582790A03600A72222 /* Resources */ = {
			isa = PBXResourcesBuildPhase;
			buildActionMask = 2147483647;
			files = (
			);
			runOnlyForDeploymentPostprocessing = 0;
		};
		EE2E24632790A03600A72222 /* Resources */ = {
			isa = PBXResourcesBuildPhase;
			buildActionMask = 2147483647;
			files = (
			);
			runOnlyForDeploymentPostprocessing = 0;
		};
/* End PBXResourcesBuildPhase section */

/* Begin PBXSourcesBuildPhase section */
		EE2E243D2790A03500A72222 /* Sources */ = {
			isa = PBXSourcesBuildPhase;
			buildActionMask = 2147483647;
			files = (
				EE2E24492790A03500A72222 /* ViewController.swift in Sources */,
				EE2E24452790A03500A72222 /* AppDelegate.swift in Sources */,
				EE2E244F2790A03500A72222 /* BaseProject.xcdatamodeld in Sources */,
				EE2E24472790A03500A72222 /* SceneDelegate.swift in Sources */,
			);
			runOnlyForDeploymentPostprocessing = 0;
		};
		EE2E24562790A03600A72222 /* Sources */ = {
			isa = PBXSourcesBuildPhase;
			buildActionMask = 2147483647;
			files = (
				EE2E245F2790A03600A72222 /* BaseProjectTests.swift in Sources */,
			);
			runOnlyForDeploymentPostprocessing = 0;
		};
		EE2E24612790A03600A72222 /* Sources */ = {
			isa = PBXSourcesBuildPhase;
			buildActionMask = 2147483647;
			files = (
				EE2E246A2790A03600A72222 /* BaseProjectUITests.swift in Sources */,
			);
			runOnlyForDeploymentPostprocessing = 0;
		};
/* End PBXSourcesBuildPhase section */

/* Begin PBXTargetDependency section */
		EE2E245C2790A03600A72222 /* PBXTargetDependency */ = {
			isa = PBXTargetDependency;
			target = EE2E24402790A03500A72222 /* BaseProject */;
			targetProxy = EE2E245B2790A03600A72222 /* PBXContainerItemProxy */;
		};
		EE2E24672790A03600A72222 /* PBXTargetDependency */ = {
			isa = PBXTargetDependency;
			target = EE2E24402790A03500A72222 /* BaseProject */;
			targetProxy = EE2E24662790A03600A72222 /* PBXContainerItemProxy */;
		};
/* End PBXTargetDependency section */

/* Begin PBXVariantGroup section */
		EE2E244A2790A03500A72222 /* Main.storyboard */ = {
			isa = PBXVariantGroup;
			children = (
				EE2E244B2790A03500A72222 /* Base */,
			);
			name = Main.storyboard;
			sourceTree = "<group>";
		};
		EE2E24522790A03600A72222 /* LaunchScreen.storyboard */ = {
			isa = PBXVariantGroup;
			children = (
				EE2E24532790A03600A72222 /* Base */,
			);
			name = LaunchScreen.storyboard;
			sourceTree = "<group>";
		};
/* End PBXVariantGroup section */

/* Begin XCBuildConfiguration section */
		EE2E246C2790A03600A72222 /* Debug */ = {
			isa = XCBuildConfiguration;
			buildSettings = {
				ALWAYS_SEARCH_USER_PATHS = NO;
				CLANG_ANALYZER_NONNULL = YES;
				CLANG_ANALYZER_NUMBER_OBJECT_CONVERSION = YES_AGGRESSIVE;
				CLANG_CXX_LANGUAGE_STANDARD = "gnu++14";
				CLANG_CXX_LIBRARY = "libc++";
				CLANG_ENABLE_MODULES = YES;
				CLANG_ENABLE_OBJC_ARC = YES;
				CLANG_ENABLE_OBJC_WEAK = YES;
				CLANG_WARN_BLOCK_CAPTURE_AUTORELEASING = YES;
				CLANG_WARN_BOOL_CONVERSION = YES;
				CLANG_WARN_COMMA = YES;
				CLANG_WARN_CONSTANT_CONVERSION = YES;
				CLANG_WARN_DEPRECATED_OBJC_IMPLEMENTATIONS = YES;
				CLANG_WARN_DIRECT_OBJC_ISA_USAGE = YES_ERROR;
				CLANG_WARN_DOCUMENTATION_COMMENTS = YES;
				CLANG_WARN_EMPTY_BODY = YES;
				CLANG_WARN_ENUM_CONVERSION = YES;
				CLANG_WARN_INFINITE_RECURSION = YES;
				CLANG_WARN_INT_CONVERSION = YES;
				CLANG_WARN_NON_LITERAL_NULL_CONVERSION = YES;
				CLANG_WARN_OBJC_IMPLICIT_RETAIN_SELF = YES;
				CLANG_WARN_OBJC_LITERAL_CONVERSION = YES;
				CLANG_WARN_OBJC_ROOT_CLASS = YES_ERROR;
				CLANG_WARN_QUOTED_INCLUDE_IN_FRAMEWORK_HEADER = YES;
				CLANG_WARN_RANGE_LOOP_ANALYSIS = YES;
				CLANG_WARN_STRICT_PROTOTYPES = YES;
				CLANG_WARN_SUSPICIOUS_MOVE = YES;
				CLANG_WARN_UNGUARDED_AVAILABILITY = YES_AGGRESSIVE;
				CLANG_WARN_UNREACHABLE_CODE = YES;
				CLANG_WARN__DUPLICATE_METHOD_MATCH = YES;
				COPY_PHASE_STRIP = NO;
				DEBUG_INFORMATION_FORMAT = dwarf;
				ENABLE_STRICT_OBJC_MSGSEND = YES;
				ENABLE_TESTABILITY = YES;
				GCC_C_LANGUAGE_STANDARD = gnu11;
				GCC_DYNAMIC_NO_PIC = NO;
				GCC_NO_COMMON_BLOCKS = YES;
				GCC_OPTIMIZATION_LEVEL = 0;
				GCC_PREPROCESSOR_DEFINITIONS = (
					"DEBUG=1",
					"$(inherited)",
				);
				GCC_WARN_64_TO_32_BIT_CONVERSION = YES;
				GCC_WARN_ABOUT_RETURN_TYPE = YES_ERROR;
				GCC_WARN_UNDECLARED_SELECTOR = YES;
				GCC_WARN_UNINITIALIZED_AUTOS = YES_AGGRESSIVE;
				GCC_WARN_UNUSED_FUNCTION = YES;
				GCC_WARN_UNUSED_VARIABLE = YES;
				IPHONEOS_DEPLOYMENT_TARGET = 14.5;
				MTL_ENABLE_DEBUG_INFO = INCLUDE_SOURCE;
				MTL_FAST_MATH = YES;
				ONLY_ACTIVE_ARCH = YES;
				SDKROOT = iphoneos;
				SWIFT_ACTIVE_COMPILATION_CONDITIONS = DEBUG;
				SWIFT_OPTIMIZATION_LEVEL = "-Onone";
			};
			name = Debug;
		};
		EE2E246D2790A03600A72222 /* Release */ = {
			isa = XCBuildConfiguration;
			buildSettings = {
				ALWAYS_SEARCH_USER_PATHS = NO;
				CLANG_ANALYZER_NONNULL = YES;
				CLANG_ANALYZER_NUMBER_OBJECT_CONVERSION = YES_AGGRESSIVE;
				CLANG_CXX_LANGUAGE_STANDARD = "gnu++14";
				CLANG_CXX_LIBRARY = "libc++";
				CLANG_ENABLE_MODULES = YES;
				CLANG_ENABLE_OBJC_ARC = YES;
				CLANG_ENABLE_OBJC_WEAK = YES;
				CLANG_WARN_BLOCK_CAPTURE_AUTORELEASING = YES;
				CLANG_WARN_BOOL_CONVERSION = YES;
				CLANG_WARN_COMMA = YES;
				CLANG_WARN_CONSTANT_CONVERSION = YES;
				CLANG_WARN_DEPRECATED_OBJC_IMPLEMENTATIONS = YES;
				CLANG_WARN_DIRECT_OBJC_ISA_USAGE = YES_ERROR;
				CLANG_WARN_DOCUMENTATION_COMMENTS = YES;
				CLANG_WARN_EMPTY_BODY = YES;
				CLANG_WARN_ENUM_CONVERSION = YES;
				CLANG_WARN_INFINITE_RECURSION = YES;
				CLANG_WARN_INT_CONVERSION = YES;
				CLANG_WARN_NON_LITERAL_NULL_CONVERSION = YES;
				CLANG_WARN_OBJC_IMPLICIT_RETAIN_SELF = YES;
				CLANG_WARN_OBJC_LITERAL_CONVERSION = YES;
				CLANG_WARN_OBJC_ROOT_CLASS = YES_ERROR;
				CLANG_WARN_QUOTED_INCLUDE_IN_FRAMEWORK_HEADER = YES;
				CLANG_WARN_RANGE_LOOP_ANALYSIS = YES;
				CLANG_WARN_STRICT_PROTOTYPES = YES;
				CLANG_WARN_SUSPICIOUS_MOVE = YES;
				CLANG_WARN_UNGUARDED_AVAILABILITY = YES_AGGRESSIVE;
				CLANG_WARN_UNREACHABLE_CODE = YES;
				CLANG_WARN__DUPLICATE_METHOD_MATCH = YES;
				COPY_PHASE_STRIP = NO;
				DEBUG_INFORMATION_FORMAT = "dwarf-with-dsym";
				ENABLE_NS_ASSERTIONS = NO;
				ENABLE_STRICT_OBJC_MSGSEND = YES;
				GCC_C_LANGUAGE_STANDARD = gnu11;
				GCC_NO_COMMON_BLOCKS = YES;
				GCC_WARN_64_TO_32_BIT_CONVERSION = YES;
				GCC_WARN_ABOUT_RETURN_TYPE = YES_ERROR;
				GCC_WARN_UNDECLARED_SELECTOR = YES;
				GCC_WARN_UNINITIALIZED_AUTOS = YES_AGGRESSIVE;
				GCC_WARN_UNUSED_FUNCTION = YES;
				GCC_WARN_UNUSED_VARIABLE = YES;
				IPHONEOS_DEPLOYMENT_TARGET = 14.5;
				MTL_ENABLE_DEBUG_INFO = NO;
				MTL_FAST_MATH = YES;
				SDKROOT = iphoneos;
				SWIFT_COMPILATION_MODE = wholemodule;
				SWIFT_OPTIMIZATION_LEVEL = "-O";
				VALIDATE_PRODUCT = YES;
			};
			name = Release;
		};
		EE2E246F2790A03600A72222 /* Debug */ = {
			isa = XCBuildConfiguration;
			buildSettings = {
				ASSETCATALOG_COMPILER_APPICON_NAME = AppIcon;
				ASSETCATALOG_COMPILER_GLOBAL_ACCENT_COLOR_NAME = AccentColor;
				CODE_SIGN_STYLE = Automatic;
				INFOPLIST_FILE = BaseProject/Info.plist;
				LD_RUNPATH_SEARCH_PATHS = (
					"$(inherited)",
					"@executable_path/Frameworks",
				);
				PRODUCT_BUNDLE_IDENTIFIER = com.prakash.BaseProject;
				PRODUCT_NAME = "$(TARGET_NAME)";
				SWIFT_VERSION = 5.0;
				TARGETED_DEVICE_FAMILY = "1,2";
			};
			name = Debug;
		};
		EE2E24702790A03600A72222 /* Release */ = {
			isa = XCBuildConfiguration;
			buildSettings = {
				ASSETCATALOG_COMPILER_APPICON_NAME = AppIcon;
				ASSETCATALOG_COMPILER_GLOBAL_ACCENT_COLOR_NAME = AccentColor;
				CODE_SIGN_STYLE = Automatic;
				INFOPLIST_FILE = BaseProject/Info.plist;
				LD_RUNPATH_SEARCH_PATHS = (
					"$(inherited)",
					"@executable_path/Frameworks",
				);
				PRODUCT_BUNDLE_IDENTIFIER = com.prakash.BaseProject;
				PRODUCT_NAME = "$(TARGET_NAME)";
				SWIFT_VERSION = 5.0;
				TARGETED_DEVICE_FAMILY = "1,2";
			};
			name = Release;
		};
		EE2E24722790A03600A72222 /* Debug */ = {
			isa = XCBuildConfiguration;
			buildSettings = {
				ALWAYS_EMBED_SWIFT_STANDARD_LIBRARIES = YES;
				BUNDLE_LOADER = "$(TEST_HOST)";
				CODE_SIGN_STYLE = Automatic;
				INFOPLIST_FILE = BaseProjectTests/Info.plist;
				IPHONEOS_DEPLOYMENT_TARGET = 14.5;
				LD_RUNPATH_SEARCH_PATHS = (
					"$(inherited)",
					"@executable_path/Frameworks",
					"@loader_path/Frameworks",
				);
				PRODUCT_BUNDLE_IDENTIFIER = com.prakash.BaseProjectTests;
				PRODUCT_NAME = "$(TARGET_NAME)";
				SWIFT_VERSION = 5.0;
				TARGETED_DEVICE_FAMILY = "1,2";
				TEST_HOST = "$(BUILT_PRODUCTS_DIR)/BaseProject.app/BaseProject";
			};
			name = Debug;
		};
		EE2E24732790A03600A72222 /* Release */ = {
			isa = XCBuildConfiguration;
			buildSettings = {
				ALWAYS_EMBED_SWIFT_STANDARD_LIBRARIES = YES;
				BUNDLE_LOADER = "$(TEST_HOST)";
				CODE_SIGN_STYLE = Automatic;
				INFOPLIST_FILE = BaseProjectTests/Info.plist;
				IPHONEOS_DEPLOYMENT_TARGET = 14.5;
				LD_RUNPATH_SEARCH_PATHS = (
					"$(inherited)",
					"@executable_path/Frameworks",
					"@loader_path/Frameworks",
				);
				PRODUCT_BUNDLE_IDENTIFIER = com.prakash.BaseProjectTests;
				PRODUCT_NAME = "$(TARGET_NAME)";
				SWIFT_VERSION = 5.0;
				TARGETED_DEVICE_FAMILY = "1,2";
				TEST_HOST = "$(BUILT_PRODUCTS_DIR)/BaseProject.app/BaseProject";
			};
			name = Release;
		};
		EE2E24752790A03600A72222 /* Debug */ = {
			isa = XCBuildConfiguration;
			buildSettings = {
				ALWAYS_EMBED_SWIFT_STANDARD_LIBRARIES = YES;
				CODE_SIGN_STYLE = Automatic;
				INFOPLIST_FILE = BaseProjectUITests/Info.plist;
				LD_RUNPATH_SEARCH_PATHS = (
					"$(inherited)",
					"@executable_path/Frameworks",
					"@loader_path/Frameworks",
				);
				PRODUCT_BUNDLE_IDENTIFIER = com.prakash.BaseProjectUITests;
				PRODUCT_NAME = "$(TARGET_NAME)";
				SWIFT_VERSION = 5.0;
				TARGETED_DEVICE_FAMILY = "1,2";
				TEST_TARGET_NAME = BaseProject;
			};
			name = Debug;
		};
		EE2E24762790A03600A72222 /* Release */ = {
			isa = XCBuildConfiguration;
			buildSettings = {
				ALWAYS_EMBED_SWIFT_STANDARD_LIBRARIES = YES;
				CODE_SIGN_STYLE = Automatic;
				INFOPLIST_FILE = BaseProjectUITests/Info.plist;
				LD_RUNPATH_SEARCH_PATHS = (
					"$(inherited)",
					"@executable_path/Frameworks",
					"@loader_path/Frameworks",
				);
				PRODUCT_BUNDLE_IDENTIFIER = com.prakash.BaseProjectUITests;
				PRODUCT_NAME = "$(TARGET_NAME)";
				SWIFT_VERSION = 5.0;
				TARGETED_DEVICE_FAMILY = "1,2";
				TEST_TARGET_NAME = BaseProject;
			};
			name = Release;
		};
/* End XCBuildConfiguration section */

/* Begin XCConfigurationList section */
		EE2E243C2790A03500A72222 /* Build configuration list for PBXProject "BaseProject" */ = {
			isa = XCConfigurationList;
			buildConfigurations = (
				EE2E246C2790A03600A72222 /* Debug */,
				EE2E246D2790A03600A72222 /* Release */,
			);
			defaultConfigurationIsVisible = 0;
			defaultConfigurationName = Release;
		};
		EE2E246E2790A03600A72222 /* Build configuration list for PBXNativeTarget "BaseProject" */ = {
			isa = XCConfigurationList;
			buildConfigurations = (
				EE2E246F2790A03600A72222 /* Debug */,
				EE2E24702790A03600A72222 /* Release */,
			);
			defaultConfigurationIsVisible = 0;
			defaultConfigurationName = Release;
		};
		EE2E24712790A03600A72222 /* Build configuration list for PBXNativeTarget "BaseProjectTests" */ = {
			isa = XCConfigurationList;
			buildConfigurations = (
				EE2E24722790A03600A72222 /* Debug */,
				EE2E24732790A03600A72222 /* Release */,
			);
			defaultConfigurationIsVisible = 0;
			defaultConfigurationName = Release;
		};
		EE2E24742790A03600A72222 /* Build configuration list for PBXNativeTarget "BaseProjectUITests" */ = {
			isa = XCConfigurationList;
			buildConfigurations = (
				EE2E24752790A03600A72222 /* Debug */,
				EE2E24762790A03600A72222 /* Release */,
			);
			defaultConfigurationIsVisible = 0;
			defaultConfigurationName = Release;
		};
/* End XCConfigurationList section */

/* Begin XCVersionGroup section */
		EE2E244D2790A03500A72222 /* BaseProject.xcdatamodeld */ = {
			isa = XCVersionGroup;
			children = (
				EE2E244E2790A03500A72222 /* BaseProject.xcdatamodel */,
			);
			currentVersion = EE2E244E2790A03500A72222 /* BaseProject.xcdatamodel */;
			path = BaseProject.xcdatamodeld;
			sourceTree = "<group>";
			versionGroupType = wrapper.xcdatamodel;
		};
/* End XCVersionGroup section */
	};
	rootObject = EE2E24392790A03500A72222 /* Project object */;
}
